// !$*UTF8*$!
{
	archiveVersion = 1;
	classes = {
	};
	objectVersion = 50;
	objects = {

/* Begin PBXBuildFile section */
		DFC7CCF923EEE5420059860D /* AppDelegate.swift in Sources */ = {isa = PBXBuildFile; fileRef = DFC7CCF823EEE5410059860D /* AppDelegate.swift */; };
		DFC7CCFD23EEE5420059860D /* ViewController.swift in Sources */ = {isa = PBXBuildFile; fileRef = DFC7CCFC23EEE5420059860D /* ViewController.swift */; };
		DFC7CD0023EEE5420059860D /* Main.storyboard in Resources */ = {isa = PBXBuildFile; fileRef = DFC7CCFE23EEE5420059860D /* Main.storyboard */; };
		DFC7CD0223EEE5440059860D /* Assets.xcassets in Resources */ = {isa = PBXBuildFile; fileRef = DFC7CD0123EEE5440059860D /* Assets.xcassets */; };
		DFC7CD0523EEE5440059860D /* LaunchScreen.storyboard in Resources */ = {isa = PBXBuildFile; fileRef = DFC7CD0323EEE5440059860D /* LaunchScreen.storyboard */; };
		DFC7CD1623EEFA000059860D /* Reachability.swift in Sources */ = {isa = PBXBuildFile; fileRef = DFC7CD1523EEFA000059860D /* Reachability.swift */; };
		DFC7CD3823EEFE4B0059860D /* SceneDelegate.swift in Sources */ = {isa = PBXBuildFile; fileRef = DFC7CD3723EEFE4B0059860D /* SceneDelegate.swift */; };
		DFC7CD3A23EF05B00059860D /* NetworkProtocol.swift in Sources */ = {isa = PBXBuildFile; fileRef = DFC7CD3923EF05B00059860D /* NetworkProtocol.swift */; };
		DFC7CD3C23EF05D60059860D /* NetworkError.swift in Sources */ = {isa = PBXBuildFile; fileRef = DFC7CD3B23EF05D60059860D /* NetworkError.swift */; };
		DFC7CD3E23EF07390059860D /* CustomIconEndpoint.swift in Sources */ = {isa = PBXBuildFile; fileRef = DFC7CD3D23EF07390059860D /* CustomIconEndpoint.swift */; };
		DFC7CD4023EF080F0059860D /* CustomIconAPIManager.swift in Sources */ = {isa = PBXBuildFile; fileRef = DFC7CD3F23EF080F0059860D /* CustomIconAPIManager.swift */; };
		DFC7CD4223EF08480059860D /* Request.swift in Sources */ = {isa = PBXBuildFile; fileRef = DFC7CD4123EF08480059860D /* Request.swift */; };
		DFC7CD4423EF0A4B0059860D /* CustomAPIDecodable.swift in Sources */ = {isa = PBXBuildFile; fileRef = DFC7CD4323EF0A4B0059860D /* CustomAPIDecodable.swift */; };
/* End PBXBuildFile section */

/* Begin PBXFileReference section */
		DFC7CCF523EEE5410059860D /* CustomIconChallenge.app */ = {isa = PBXFileReference; explicitFileType = wrapper.application; includeInIndex = 0; path = CustomIconChallenge.app; sourceTree = BUILT_PRODUCTS_DIR; };
		DFC7CCF823EEE5410059860D /* AppDelegate.swift */ = {isa = PBXFileReference; lastKnownFileType = sourcecode.swift; path = AppDelegate.swift; sourceTree = "<group>"; };
		DFC7CCFC23EEE5420059860D /* ViewController.swift */ = {isa = PBXFileReference; lastKnownFileType = sourcecode.swift; path = ViewController.swift; sourceTree = "<group>"; };
		DFC7CCFF23EEE5420059860D /* Base */ = {isa = PBXFileReference; lastKnownFileType = file.storyboard; name = Base; path = Base.lproj/Main.storyboard; sourceTree = "<group>"; };
		DFC7CD0123EEE5440059860D /* Assets.xcassets */ = {isa = PBXFileReference; lastKnownFileType = folder.assetcatalog; path = Assets.xcassets; sourceTree = "<group>"; };
		DFC7CD0423EEE5440059860D /* Base */ = {isa = PBXFileReference; lastKnownFileType = file.storyboard; name = Base; path = Base.lproj/LaunchScreen.storyboard; sourceTree = "<group>"; };
		DFC7CD0623EEE5440059860D /* Info.plist */ = {isa = PBXFileReference; lastKnownFileType = text.plist.xml; path = Info.plist; sourceTree = "<group>"; };
		DFC7CD1523EEFA000059860D /* Reachability.swift */ = {isa = PBXFileReference; lastKnownFileType = sourcecode.swift; path = Reachability.swift; sourceTree = "<group>"; };
		DFC7CD3723EEFE4B0059860D /* SceneDelegate.swift */ = {isa = PBXFileReference; lastKnownFileType = sourcecode.swift; path = SceneDelegate.swift; sourceTree = "<group>"; };
		DFC7CD3923EF05B00059860D /* NetworkProtocol.swift */ = {isa = PBXFileReference; lastKnownFileType = sourcecode.swift; path = NetworkProtocol.swift; sourceTree = "<group>"; };
		DFC7CD3B23EF05D60059860D /* NetworkError.swift */ = {isa = PBXFileReference; lastKnownFileType = sourcecode.swift; path = NetworkError.swift; sourceTree = "<group>"; };
		DFC7CD3D23EF07390059860D /* CustomIconEndpoint.swift */ = {isa = PBXFileReference; lastKnownFileType = sourcecode.swift; path = CustomIconEndpoint.swift; sourceTree = "<group>"; };
		DFC7CD3F23EF080F0059860D /* CustomIconAPIManager.swift */ = {isa = PBXFileReference; lastKnownFileType = sourcecode.swift; path = CustomIconAPIManager.swift; sourceTree = "<group>"; };
		DFC7CD4123EF08480059860D /* Request.swift */ = {isa = PBXFileReference; lastKnownFileType = sourcecode.swift; path = Request.swift; sourceTree = "<group>"; };
		DFC7CD4323EF0A4B0059860D /* CustomAPIDecodable.swift */ = {isa = PBXFileReference; lastKnownFileType = sourcecode.swift; path = CustomAPIDecodable.swift; sourceTree = "<group>"; };
/* End PBXFileReference section */

/* Begin PBXFrameworksBuildPhase section */
		DFC7CCF223EEE5410059860D /* Frameworks */ = {
			isa = PBXFrameworksBuildPhase;
			buildActionMask = 2147483647;
			files = (
			);
			runOnlyForDeploymentPostprocessing = 0;
		};
/* End PBXFrameworksBuildPhase section */

/* Begin PBXGroup section */
		DFC7CCEC23EEE5410059860D = {
			isa = PBXGroup;
			children = (
				DFC7CCF723EEE5410059860D /* CustomIconChallenge */,
				DFC7CCF623EEE5410059860D /* Products */,
			);
			sourceTree = "<group>";
		};
		DFC7CCF623EEE5410059860D /* Products */ = {
			isa = PBXGroup;
			children = (
				DFC7CCF523EEE5410059860D /* CustomIconChallenge.app */,
			);
			name = Products;
			sourceTree = "<group>";
		};
		DFC7CCF723EEE5410059860D /* CustomIconChallenge */ = {
			isa = PBXGroup;
			children = (
				DFC7CD0D23EEF5C00059860D /* Source */,
				DFC7CD1023EEF63E0059860D /* Storyboards */,
				DFC7CD0123EEE5440059860D /* Assets.xcassets */,
				DFC7CD0623EEE5440059860D /* Info.plist */,
			);
			path = CustomIconChallenge;
			sourceTree = "<group>";
		};
		DFC7CD0C23EEF50B0059860D /* Model */ = {
			isa = PBXGroup;
			children = (
			);
			path = Model;
			sourceTree = "<group>";
		};
		DFC7CD0D23EEF5C00059860D /* Source */ = {
			isa = PBXGroup;
			children = (
				DFC7CD0E23EEF5D50059860D /* Application */,
				DFC7CD0C23EEF50B0059860D /* Model */,
				DFC7CD1123EEF6920059860D /* Modules */,
				DFC7CD1323EEF6DF0059860D /* Networking */,
			);
			path = Source;
			sourceTree = "<group>";
		};
		DFC7CD0E23EEF5D50059860D /* Application */ = {
			isa = PBXGroup;
			children = (
				DFC7CCF823EEE5410059860D /* AppDelegate.swift */,
				DFC7CD3723EEFE4B0059860D /* SceneDelegate.swift */,
			);
			path = Application;
			sourceTree = "<group>";
		};
		DFC7CD1023EEF63E0059860D /* Storyboards */ = {
			isa = PBXGroup;
			children = (
				DFC7CCFE23EEE5420059860D /* Main.storyboard */,
				DFC7CD0323EEE5440059860D /* LaunchScreen.storyboard */,
			);
			path = Storyboards;
			sourceTree = "<group>";
		};
		DFC7CD1123EEF6920059860D /* Modules */ = {
			isa = PBXGroup;
			children = (
				DFC7CD1223EEF6AE0059860D /* Custom Icons */,
			);
			path = Modules;
			sourceTree = "<group>";
		};
		DFC7CD1223EEF6AE0059860D /* Custom Icons */ = {
			isa = PBXGroup;
			children = (
				DFC7CCFC23EEE5420059860D /* ViewController.swift */,
			);
			path = "Custom Icons";
			sourceTree = "<group>";
		};
		DFC7CD1323EEF6DF0059860D /* Networking */ = {
			isa = PBXGroup;
			children = (
				DFC7CD1423EEF9C40059860D /* CustomIconAPI */,
				DFC7CD1523EEFA000059860D /* Reachability.swift */,
				DFC7CD4123EF08480059860D /* Request.swift */,
				DFC7CD3923EF05B00059860D /* NetworkProtocol.swift */,
				DFC7CD3B23EF05D60059860D /* NetworkError.swift */,
			);
			path = Networking;
			sourceTree = "<group>";
		};
		DFC7CD1423EEF9C40059860D /* CustomIconAPI */ = {
			isa = PBXGroup;
			children = (
				DFC7CD3D23EF07390059860D /* CustomIconEndpoint.swift */,
				DFC7CD3F23EF080F0059860D /* CustomIconAPIManager.swift */,
				DFC7CD4323EF0A4B0059860D /* CustomAPIDecodable.swift */,
			);
			path = CustomIconAPI;
			sourceTree = "<group>";
		};
/* End PBXGroup section */

/* Begin PBXNativeTarget section */
		DFC7CCF423EEE5410059860D /* CustomIconChallenge */ = {
			isa = PBXNativeTarget;
			buildConfigurationList = DFC7CD0923EEE5440059860D /* Build configuration list for PBXNativeTarget "CustomIconChallenge" */;
			buildPhases = (
				DFC7CCF123EEE5410059860D /* Sources */,
				DFC7CCF223EEE5410059860D /* Frameworks */,
				DFC7CCF323EEE5410059860D /* Resources */,
			);
			buildRules = (
			);
			dependencies = (
			);
			name = CustomIconChallenge;
			productName = CustomIconChallenge;
			productReference = DFC7CCF523EEE5410059860D /* CustomIconChallenge.app */;
			productType = "com.apple.product-type.application";
		};
/* End PBXNativeTarget section */

/* Begin PBXProject section */
		DFC7CCED23EEE5410059860D /* Project object */ = {
			isa = PBXProject;
			attributes = {
				LastSwiftUpdateCheck = 1130;
				LastUpgradeCheck = 1130;
				ORGANIZATIONNAME = "Anne Kariny Silva Freitas";
				TargetAttributes = {
					DFC7CCF423EEE5410059860D = {
						CreatedOnToolsVersion = 11.3;
					};
				};
			};
			buildConfigurationList = DFC7CCF023EEE5410059860D /* Build configuration list for PBXProject "CustomIconChallenge" */;
			compatibilityVersion = "Xcode 9.3";
			developmentRegion = en;
			hasScannedForEncodings = 0;
			knownRegions = (
				en,
				Base,
			);
			mainGroup = DFC7CCEC23EEE5410059860D;
			productRefGroup = DFC7CCF623EEE5410059860D /* Products */;
			projectDirPath = "";
			projectRoot = "";
			targets = (
				DFC7CCF423EEE5410059860D /* CustomIconChallenge */,
			);
		};
/* End PBXProject section */

/* Begin PBXResourcesBuildPhase section */
		DFC7CCF323EEE5410059860D /* Resources */ = {
			isa = PBXResourcesBuildPhase;
			buildActionMask = 2147483647;
			files = (
				DFC7CD0523EEE5440059860D /* LaunchScreen.storyboard in Resources */,
				DFC7CD0223EEE5440059860D /* Assets.xcassets in Resources */,
				DFC7CD0023EEE5420059860D /* Main.storyboard in Resources */,
			);
			runOnlyForDeploymentPostprocessing = 0;
		};
/* End PBXResourcesBuildPhase section */

/* Begin PBXSourcesBuildPhase section */
		DFC7CCF123EEE5410059860D /* Sources */ = {
			isa = PBXSourcesBuildPhase;
			buildActionMask = 2147483647;
			files = (
				DFC7CCFD23EEE5420059860D /* ViewController.swift in Sources */,
				DFC7CCF923EEE5420059860D /* AppDelegate.swift in Sources */,
				DFC7CD3A23EF05B00059860D /* NetworkProtocol.swift in Sources */,
				DFC7CD3C23EF05D60059860D /* NetworkError.swift in Sources */,
				DFC7CD3E23EF07390059860D /* CustomIconEndpoint.swift in Sources */,
				DFC7CD1623EEFA000059860D /* Reachability.swift in Sources */,
				DFC7CD4023EF080F0059860D /* CustomIconAPIManager.swift in Sources */,
				DFC7CD4223EF08480059860D /* Request.swift in Sources */,
				DFC7CD3823EEFE4B0059860D /* SceneDelegate.swift in Sources */,
				DFC7CD4423EF0A4B0059860D /* CustomAPIDecodable.swift in Sources */,
			);
			runOnlyForDeploymentPostprocessing = 0;
		};
/* End PBXSourcesBuildPhase section */

/* Begin PBXVariantGroup section */
		DFC7CCFE23EEE5420059860D /* Main.storyboard */ = {
			isa = PBXVariantGroup;
			children = (
				DFC7CCFF23EEE5420059860D /* Base */,
			);
			name = Main.storyboard;
			sourceTree = "<group>";
		};
		DFC7CD0323EEE5440059860D /* LaunchScreen.storyboard */ = {
			isa = PBXVariantGroup;
			children = (
				DFC7CD0423EEE5440059860D /* Base */,
			);
			name = LaunchScreen.storyboard;
			sourceTree = "<group>";
		};
/* End PBXVariantGroup section */

/* Begin XCBuildConfiguration section */
		DFC7CD0723EEE5440059860D /* Debug */ = {
			isa = XCBuildConfiguration;
			buildSettings = {
				ALWAYS_SEARCH_USER_PATHS = NO;
				CLANG_ANALYZER_NONNULL = YES;
				CLANG_ANALYZER_NUMBER_OBJECT_CONVERSION = YES_AGGRESSIVE;
				CLANG_CXX_LANGUAGE_STANDARD = "gnu++14";
				CLANG_CXX_LIBRARY = "libc++";
				CLANG_ENABLE_MODULES = YES;
				CLANG_ENABLE_OBJC_ARC = YES;
				CLANG_ENABLE_OBJC_WEAK = YES;
				CLANG_WARN_BLOCK_CAPTURE_AUTORELEASING = YES;
				CLANG_WARN_BOOL_CONVERSION = YES;
				CLANG_WARN_COMMA = YES;
				CLANG_WARN_CONSTANT_CONVERSION = YES;
				CLANG_WARN_DEPRECATED_OBJC_IMPLEMENTATIONS = YES;
				CLANG_WARN_DIRECT_OBJC_ISA_USAGE = YES_ERROR;
				CLANG_WARN_DOCUMENTATION_COMMENTS = YES;
				CLANG_WARN_EMPTY_BODY = YES;
				CLANG_WARN_ENUM_CONVERSION = YES;
				CLANG_WARN_INFINITE_RECURSION = YES;
				CLANG_WARN_INT_CONVERSION = YES;
				CLANG_WARN_NON_LITERAL_NULL_CONVERSION = YES;
				CLANG_WARN_OBJC_IMPLICIT_RETAIN_SELF = YES;
				CLANG_WARN_OBJC_LITERAL_CONVERSION = YES;
				CLANG_WARN_OBJC_ROOT_CLASS = YES_ERROR;
				CLANG_WARN_RANGE_LOOP_ANALYSIS = YES;
				CLANG_WARN_STRICT_PROTOTYPES = YES;
				CLANG_WARN_SUSPICIOUS_MOVE = YES;
				CLANG_WARN_UNGUARDED_AVAILABILITY = YES_AGGRESSIVE;
				CLANG_WARN_UNREACHABLE_CODE = YES;
				CLANG_WARN__DUPLICATE_METHOD_MATCH = YES;
				COPY_PHASE_STRIP = NO;
				DEBUG_INFORMATION_FORMAT = dwarf;
				ENABLE_STRICT_OBJC_MSGSEND = YES;
				ENABLE_TESTABILITY = YES;
				GCC_C_LANGUAGE_STANDARD = gnu11;
				GCC_DYNAMIC_NO_PIC = NO;
				GCC_NO_COMMON_BLOCKS = YES;
				GCC_OPTIMIZATION_LEVEL = 0;
				GCC_PREPROCESSOR_DEFINITIONS = (
					"DEBUG=1",
					"$(inherited)",
				);
				GCC_WARN_64_TO_32_BIT_CONVERSION = YES;
				GCC_WARN_ABOUT_RETURN_TYPE = YES_ERROR;
				GCC_WARN_UNDECLARED_SELECTOR = YES;
				GCC_WARN_UNINITIALIZED_AUTOS = YES_AGGRESSIVE;
				GCC_WARN_UNUSED_FUNCTION = YES;
				GCC_WARN_UNUSED_VARIABLE = YES;
				IPHONEOS_DEPLOYMENT_TARGET = 13.2;
				MTL_ENABLE_DEBUG_INFO = INCLUDE_SOURCE;
				MTL_FAST_MATH = YES;
				ONLY_ACTIVE_ARCH = YES;
				SDKROOT = iphoneos;
				SWIFT_ACTIVE_COMPILATION_CONDITIONS = DEBUG;
				SWIFT_OPTIMIZATION_LEVEL = "-Onone";
			};
			name = Debug;
		};
		DFC7CD0823EEE5440059860D /* Release */ = {
			isa = XCBuildConfiguration;
			buildSettings = {
				ALWAYS_SEARCH_USER_PATHS = NO;
				CLANG_ANALYZER_NONNULL = YES;
				CLANG_ANALYZER_NUMBER_OBJECT_CONVERSION = YES_AGGRESSIVE;
				CLANG_CXX_LANGUAGE_STANDARD = "gnu++14";
				CLANG_CXX_LIBRARY = "libc++";
				CLANG_ENABLE_MODULES = YES;
				CLANG_ENABLE_OBJC_ARC = YES;
				CLANG_ENABLE_OBJC_WEAK = YES;
				CLANG_WARN_BLOCK_CAPTURE_AUTORELEASING = YES;
				CLANG_WARN_BOOL_CONVERSION = YES;
				CLANG_WARN_COMMA = YES;
				CLANG_WARN_CONSTANT_CONVERSION = YES;
				CLANG_WARN_DEPRECATED_OBJC_IMPLEMENTATIONS = YES;
				CLANG_WARN_DIRECT_OBJC_ISA_USAGE = YES_ERROR;
				CLANG_WARN_DOCUMENTATION_COMMENTS = YES;
				CLANG_WARN_EMPTY_BODY = YES;
				CLANG_WARN_ENUM_CONVERSION = YES;
				CLANG_WARN_INFINITE_RECURSION = YES;
				CLANG_WARN_INT_CONVERSION = YES;
				CLANG_WARN_NON_LITERAL_NULL_CONVERSION = YES;
				CLANG_WARN_OBJC_IMPLICIT_RETAIN_SELF = YES;
				CLANG_WARN_OBJC_LITERAL_CONVERSION = YES;
				CLANG_WARN_OBJC_ROOT_CLASS = YES_ERROR;
				CLANG_WARN_RANGE_LOOP_ANALYSIS = YES;
				CLANG_WARN_STRICT_PROTOTYPES = YES;
				CLANG_WARN_SUSPICIOUS_MOVE = YES;
				CLANG_WARN_UNGUARDED_AVAILABILITY = YES_AGGRESSIVE;
				CLANG_WARN_UNREACHABLE_CODE = YES;
				CLANG_WARN__DUPLICATE_METHOD_MATCH = YES;
				COPY_PHASE_STRIP = NO;
				DEBUG_INFORMATION_FORMAT = "dwarf-with-dsym";
				ENABLE_NS_ASSERTIONS = NO;
				ENABLE_STRICT_OBJC_MSGSEND = YES;
				GCC_C_LANGUAGE_STANDARD = gnu11;
				GCC_NO_COMMON_BLOCKS = YES;
				GCC_WARN_64_TO_32_BIT_CONVERSION = YES;
				GCC_WARN_ABOUT_RETURN_TYPE = YES_ERROR;
				GCC_WARN_UNDECLARED_SELECTOR = YES;
				GCC_WARN_UNINITIALIZED_AUTOS = YES_AGGRESSIVE;
				GCC_WARN_UNUSED_FUNCTION = YES;
				GCC_WARN_UNUSED_VARIABLE = YES;
				IPHONEOS_DEPLOYMENT_TARGET = 13.2;
				MTL_ENABLE_DEBUG_INFO = NO;
				MTL_FAST_MATH = YES;
				SDKROOT = iphoneos;
				SWIFT_COMPILATION_MODE = wholemodule;
				SWIFT_OPTIMIZATION_LEVEL = "-O";
				VALIDATE_PRODUCT = YES;
			};
			name = Release;
		};
		DFC7CD0A23EEE5440059860D /* Debug */ = {
			isa = XCBuildConfiguration;
			buildSettings = {
				ASSETCATALOG_COMPILER_APPICON_NAME = AppIcon;
				CODE_SIGN_STYLE = Automatic;
				DEVELOPMENT_TEAM = F476P237J6;
				INFOPLIST_FILE = CustomIconChallenge/Info.plist;
				LD_RUNPATH_SEARCH_PATHS = (
					"$(inherited)",
					"@executable_path/Frameworks",
				);
				PRODUCT_BUNDLE_IDENTIFIER = Anne.CustomIconChallenge;
				PRODUCT_NAME = "$(TARGET_NAME)";
				SWIFT_VERSION = 5.0;
				TARGETED_DEVICE_FAMILY = "1,2";
			};
			name = Debug;
		};
		DFC7CD0B23EEE5440059860D /* Release */ = {
			isa = XCBuildConfiguration;
			buildSettings = {
				ASSETCATALOG_COMPILER_APPICON_NAME = AppIcon;
				CODE_SIGN_STYLE = Automatic;
				DEVELOPMENT_TEAM = F476P237J6;
				INFOPLIST_FILE = CustomIconChallenge/Info.plist;
				LD_RUNPATH_SEARCH_PATHS = (
					"$(inherited)",
					"@executable_path/Frameworks",
				);
				PRODUCT_BUNDLE_IDENTIFIER = Anne.CustomIconChallenge;
				PRODUCT_NAME = "$(TARGET_NAME)";
				SWIFT_VERSION = 5.0;
				TARGETED_DEVICE_FAMILY = "1,2";
			};
			name = Release;
		};
/* End XCBuildConfiguration section */

/* Begin XCConfigurationList section */
		DFC7CCF023EEE5410059860D /* Build configuration list for PBXProject "CustomIconChallenge" */ = {
			isa = XCConfigurationList;
			buildConfigurations = (
				DFC7CD0723EEE5440059860D /* Debug */,
				DFC7CD0823EEE5440059860D /* Release */,
			);
			defaultConfigurationIsVisible = 0;
			defaultConfigurationName = Release;
		};
		DFC7CD0923EEE5440059860D /* Build configuration list for PBXNativeTarget "CustomIconChallenge" */ = {
			isa = XCConfigurationList;
			buildConfigurations = (
				DFC7CD0A23EEE5440059860D /* Debug */,
				DFC7CD0B23EEE5440059860D /* Release */,
			);
			defaultConfigurationIsVisible = 0;
			defaultConfigurationName = Release;
		};
/* End XCConfigurationList section */
	};
	rootObject = DFC7CCED23EEE5410059860D /* Project object */;
}
