// !$*UTF8*$!
{
	archiveVersion = 1;
	classes = {
	};
	objectVersion = 50;
	objects = {

/* Begin PBXBuildFile section */
		DF0D7FFE23EF113300980EBE /* IconViewModel.swift in Sources */ = {isa = PBXBuildFile; fileRef = DF0D7FFD23EF113300980EBE /* IconViewModel.swift */; };
		DF0D800023EF13A200980EBE /* URLHelper.swift in Sources */ = {isa = PBXBuildFile; fileRef = DF0D7FFF23EF13A200980EBE /* URLHelper.swift */; };
		DF0D800323EF153F00980EBE /* Icon.swift in Sources */ = {isa = PBXBuildFile; fileRef = DF0D800223EF153F00980EBE /* Icon.swift */; };
		DF0D800823EF233F00980EBE /* IconTableViewCell.swift in Sources */ = {isa = PBXBuildFile; fileRef = DF0D800623EF233F00980EBE /* IconTableViewCell.swift */; };
		DF0D800923EF233F00980EBE /* IconTableViewCell.xib in Resources */ = {isa = PBXBuildFile; fileRef = DF0D800723EF233F00980EBE /* IconTableViewCell.xib */; };
		DF18B20B23EF6B2000305570 /* Localizable.strings in Resources */ = {isa = PBXBuildFile; fileRef = DF18B20D23EF6B2000305570 /* Localizable.strings */; };
		DFC7CCF923EEE5420059860D /* AppDelegate.swift in Sources */ = {isa = PBXBuildFile; fileRef = DFC7CCF823EEE5410059860D /* AppDelegate.swift */; };
		DFC7CCFD23EEE5420059860D /* IconsViewController.swift in Sources */ = {isa = PBXBuildFile; fileRef = DFC7CCFC23EEE5420059860D /* IconsViewController.swift */; };
		DFC7CD0023EEE5420059860D /* Main.storyboard in Resources */ = {isa = PBXBuildFile; fileRef = DFC7CCFE23EEE5420059860D /* Main.storyboard */; };
		DFC7CD0223EEE5440059860D /* Assets.xcassets in Resources */ = {isa = PBXBuildFile; fileRef = DFC7CD0123EEE5440059860D /* Assets.xcassets */; };
		DFC7CD0523EEE5440059860D /* LaunchScreen.storyboard in Resources */ = {isa = PBXBuildFile; fileRef = DFC7CD0323EEE5440059860D /* LaunchScreen.storyboard */; };
		DFC7CD1623EEFA000059860D /* Reachability.swift in Sources */ = {isa = PBXBuildFile; fileRef = DFC7CD1523EEFA000059860D /* Reachability.swift */; };
		DFC7CD3823EEFE4B0059860D /* SceneDelegate.swift in Sources */ = {isa = PBXBuildFile; fileRef = DFC7CD3723EEFE4B0059860D /* SceneDelegate.swift */; };
		DFC7CD3A23EF05B00059860D /* NetworkProtocol.swift in Sources */ = {isa = PBXBuildFile; fileRef = DFC7CD3923EF05B00059860D /* NetworkProtocol.swift */; };
		DFC7CD3C23EF05D60059860D /* NetworkError.swift in Sources */ = {isa = PBXBuildFile; fileRef = DFC7CD3B23EF05D60059860D /* NetworkError.swift */; };
		DFC7CD3E23EF07390059860D /* IconsEndpoint.swift in Sources */ = {isa = PBXBuildFile; fileRef = DFC7CD3D23EF07390059860D /* IconsEndpoint.swift */; };
		DFC7CD4023EF080F0059860D /* IconsAPIManager.swift in Sources */ = {isa = PBXBuildFile; fileRef = DFC7CD3F23EF080F0059860D /* IconsAPIManager.swift */; };
		DFC7CD4223EF08480059860D /* Request.swift in Sources */ = {isa = PBXBuildFile; fileRef = DFC7CD4123EF08480059860D /* Request.swift */; };
		DFC7CD4423EF0A4B0059860D /* IconAPIDecodable.swift in Sources */ = {isa = PBXBuildFile; fileRef = DFC7CD4323EF0A4B0059860D /* IconAPIDecodable.swift */; };
		DFCA61F023EF8059004233AF /* ShadowView.swift in Sources */ = {isa = PBXBuildFile; fileRef = DFCA61EF23EF8058004233AF /* ShadowView.swift */; };
/* End PBXBuildFile section */

/* Begin PBXFileReference section */
		DF0D7FFD23EF113300980EBE /* IconViewModel.swift */ = {isa = PBXFileReference; lastKnownFileType = sourcecode.swift; path = IconViewModel.swift; sourceTree = "<group>"; };
		DF0D7FFF23EF13A200980EBE /* URLHelper.swift */ = {isa = PBXFileReference; lastKnownFileType = sourcecode.swift; path = URLHelper.swift; sourceTree = "<group>"; };
		DF0D800223EF153F00980EBE /* Icon.swift */ = {isa = PBXFileReference; lastKnownFileType = sourcecode.swift; path = Icon.swift; sourceTree = "<group>"; };
		DF0D800623EF233F00980EBE /* IconTableViewCell.swift */ = {isa = PBXFileReference; lastKnownFileType = sourcecode.swift; path = IconTableViewCell.swift; sourceTree = "<group>"; };
		DF0D800723EF233F00980EBE /* IconTableViewCell.xib */ = {isa = PBXFileReference; lastKnownFileType = file.xib; path = IconTableViewCell.xib; sourceTree = "<group>"; };
		DF18B20C23EF6B2000305570 /* en */ = {isa = PBXFileReference; lastKnownFileType = text.plist.strings; name = en; path = en.lproj/Localizable.strings; sourceTree = "<group>"; };
		DFABA6C523EFA31E00148B7B /* CustomIconChallenge.entitlements */ = {isa = PBXFileReference; lastKnownFileType = text.plist.entitlements; path = CustomIconChallenge.entitlements; sourceTree = "<group>"; };
		DFC7CCF523EEE5410059860D /* CustomIconChallenge.app */ = {isa = PBXFileReference; explicitFileType = wrapper.application; includeInIndex = 0; path = CustomIconChallenge.app; sourceTree = BUILT_PRODUCTS_DIR; };
		DFC7CCF823EEE5410059860D /* AppDelegate.swift */ = {isa = PBXFileReference; lastKnownFileType = sourcecode.swift; path = AppDelegate.swift; sourceTree = "<group>"; };
		DFC7CCFC23EEE5420059860D /* IconsViewController.swift */ = {isa = PBXFileReference; lastKnownFileType = sourcecode.swift; path = IconsViewController.swift; sourceTree = "<group>"; };
		DFC7CCFF23EEE5420059860D /* Base */ = {isa = PBXFileReference; lastKnownFileType = file.storyboard; name = Base; path = Base.lproj/Main.storyboard; sourceTree = "<group>"; };
		DFC7CD0123EEE5440059860D /* Assets.xcassets */ = {isa = PBXFileReference; lastKnownFileType = folder.assetcatalog; path = Assets.xcassets; sourceTree = "<group>"; };
		DFC7CD0423EEE5440059860D /* Base */ = {isa = PBXFileReference; lastKnownFileType = file.storyboard; name = Base; path = Base.lproj/LaunchScreen.storyboard; sourceTree = "<group>"; };
		DFC7CD0623EEE5440059860D /* Info.plist */ = {isa = PBXFileReference; lastKnownFileType = text.plist.xml; path = Info.plist; sourceTree = "<group>"; };
		DFC7CD1523EEFA000059860D /* Reachability.swift */ = {isa = PBXFileReference; lastKnownFileType = sourcecode.swift; path = Reachability.swift; sourceTree = "<group>"; };
		DFC7CD3723EEFE4B0059860D /* SceneDelegate.swift */ = {isa = PBXFileReference; lastKnownFileType = sourcecode.swift; path = SceneDelegate.swift; sourceTree = "<group>"; };
		DFC7CD3923EF05B00059860D /* NetworkProtocol.swift */ = {isa = PBXFileReference; lastKnownFileType = sourcecode.swift; path = NetworkProtocol.swift; sourceTree = "<group>"; };
		DFC7CD3B23EF05D60059860D /* NetworkError.swift */ = {isa = PBXFileReference; lastKnownFileType = sourcecode.swift; path = NetworkError.swift; sourceTree = "<group>"; };
		DFC7CD3D23EF07390059860D /* IconsEndpoint.swift */ = {isa = PBXFileReference; lastKnownFileType = sourcecode.swift; path = IconsEndpoint.swift; sourceTree = "<group>"; };
		DFC7CD3F23EF080F0059860D /* IconsAPIManager.swift */ = {isa = PBXFileReference; lastKnownFileType = sourcecode.swift; path = IconsAPIManager.swift; sourceTree = "<group>"; };
		DFC7CD4123EF08480059860D /* Request.swift */ = {isa = PBXFileReference; lastKnownFileType = sourcecode.swift; path = Request.swift; sourceTree = "<group>"; };
		DFC7CD4323EF0A4B0059860D /* IconAPIDecodable.swift */ = {isa = PBXFileReference; lastKnownFileType = sourcecode.swift; path = IconAPIDecodable.swift; sourceTree = "<group>"; };
		DFCA61EF23EF8058004233AF /* ShadowView.swift */ = {isa = PBXFileReference; lastKnownFileType = sourcecode.swift; path = ShadowView.swift; sourceTree = "<group>"; };
/* End PBXFileReference section */

/* Begin PBXFrameworksBuildPhase section */
		DFC7CCF223EEE5410059860D /* Frameworks */ = {
			isa = PBXFrameworksBuildPhase;
			buildActionMask = 2147483647;
			files = (
			);
			runOnlyForDeploymentPostprocessing = 0;
		};
/* End PBXFrameworksBuildPhase section */

/* Begin PBXGroup section */
		DF0D800123EF152C00980EBE /* Models */ = {
			isa = PBXGroup;
			children = (
				DF0D800223EF153F00980EBE /* Icon.swift */,
			);
			path = Models;
			sourceTree = "<group>";
		};
		DF0D800523EF1C7B00980EBE /* Cells */ = {
			isa = PBXGroup;
			children = (
				DF0D800623EF233F00980EBE /* IconTableViewCell.swift */,
				DF0D800723EF233F00980EBE /* IconTableViewCell.xib */,
			);
			path = Cells;
			sourceTree = "<group>";
		};
		DF18B20823EF6A6F00305570 /* Resources */ = {
			isa = PBXGroup;
			children = (
				DF18B20D23EF6B2000305570 /* Localizable.strings */,
			);
			path = Resources;
			sourceTree = "<group>";
		};
		DF95EEF723EF8845008597B0 /* View Controllers */ = {
			isa = PBXGroup;
			children = (
				DFC7CCFC23EEE5420059860D /* IconsViewController.swift */,
			);
			path = "View Controllers";
			sourceTree = "<group>";
		};
		DFC7CCEC23EEE5410059860D = {
			isa = PBXGroup;
			children = (
				DFC7CCF723EEE5410059860D /* CustomIconChallenge */,
				DFC7CCF623EEE5410059860D /* Products */,
			);
			sourceTree = "<group>";
		};
		DFC7CCF623EEE5410059860D /* Products */ = {
			isa = PBXGroup;
			children = (
				DFC7CCF523EEE5410059860D /* CustomIconChallenge.app */,
			);
			name = Products;
			sourceTree = "<group>";
		};
		DFC7CCF723EEE5410059860D /* CustomIconChallenge */ = {
			isa = PBXGroup;
			children = (
				DFC7CD0D23EEF5C00059860D /* Source */,
				DFC7CD1023EEF63E0059860D /* Storyboards */,
				DF18B20823EF6A6F00305570 /* Resources */,
				DFC7CD0123EEE5440059860D /* Assets.xcassets */,
				DFC7CD0623EEE5440059860D /* Info.plist */,
				DFABA6C523EFA31E00148B7B /* CustomIconChallenge.entitlements */,
			);
			path = CustomIconChallenge;
			sourceTree = "<group>";
		};
		DFC7CD0C23EEF50B0059860D /* View Models */ = {
			isa = PBXGroup;
			children = (
				DF0D7FFD23EF113300980EBE /* IconViewModel.swift */,
			);
			path = "View Models";
			sourceTree = "<group>";
		};
		DFC7CD0D23EEF5C00059860D /* Source */ = {
			isa = PBXGroup;
			children = (
				DFC7CD0E23EEF5D50059860D /* Application */,
				DF0D800123EF152C00980EBE /* Models */,
				DFC7CD1123EEF6920059860D /* Modules */,
				DFC7CD1323EEF6DF0059860D /* Networking */,
			);
			path = Source;
			sourceTree = "<group>";
		};
		DFC7CD0E23EEF5D50059860D /* Application */ = {
			isa = PBXGroup;
			children = (
				DFC7CCF823EEE5410059860D /* AppDelegate.swift */,
				DFC7CD3723EEFE4B0059860D /* SceneDelegate.swift */,
			);
			path = Application;
			sourceTree = "<group>";
		};
		DFC7CD1023EEF63E0059860D /* Storyboards */ = {
			isa = PBXGroup;
			children = (
				DFC7CCFE23EEE5420059860D /* Main.storyboard */,
				DFC7CD0323EEE5440059860D /* LaunchScreen.storyboard */,
			);
			path = Storyboards;
			sourceTree = "<group>";
		};
		DFC7CD1123EEF6920059860D /* Modules */ = {
			isa = PBXGroup;
			children = (
				DFC7CD1223EEF6AE0059860D /* Icons */,
			);
			path = Modules;
			sourceTree = "<group>";
		};
		DFC7CD1223EEF6AE0059860D /* Icons */ = {
			isa = PBXGroup;
			children = (
				DFCA61EE23EF803E004233AF /* Custom Views */,
				DF0D800523EF1C7B00980EBE /* Cells */,
				DF95EEF723EF8845008597B0 /* View Controllers */,
				DFC7CD0C23EEF50B0059860D /* View Models */,
			);
			path = Icons;
			sourceTree = "<group>";
		};
		DFC7CD1323EEF6DF0059860D /* Networking */ = {
			isa = PBXGroup;
			children = (
				DFC7CD1423EEF9C40059860D /* IconsAPI */,
				DFC7CD1523EEFA000059860D /* Reachability.swift */,
				DFC7CD4123EF08480059860D /* Request.swift */,
				DFC7CD3923EF05B00059860D /* NetworkProtocol.swift */,
				DFC7CD3B23EF05D60059860D /* NetworkError.swift */,
				DF0D7FFF23EF13A200980EBE /* URLHelper.swift */,
			);
			path = Networking;
			sourceTree = "<group>";
		};
		DFC7CD1423EEF9C40059860D /* IconsAPI */ = {
			isa = PBXGroup;
			children = (
				DFC7CD3D23EF07390059860D /* IconsEndpoint.swift */,
				DFC7CD3F23EF080F0059860D /* IconsAPIManager.swift */,
				DFC7CD4323EF0A4B0059860D /* IconAPIDecodable.swift */,
			);
			path = IconsAPI;
			sourceTree = "<group>";
		};
		DFCA61EE23EF803E004233AF /* Custom Views */ = {
			isa = PBXGroup;
			children = (
				DFCA61EF23EF8058004233AF /* ShadowView.swift */,
			);
			path = "Custom Views";
			sourceTree = "<group>";
		};
/* End PBXGroup section */

/* Begin PBXNativeTarget section */
		DFC7CCF423EEE5410059860D /* CustomIconChallenge */ = {
			isa = PBXNativeTarget;
			buildConfigurationList = DFC7CD0923EEE5440059860D /* Build configuration list for PBXNativeTarget "CustomIconChallenge" */;
			buildPhases = (
				DFC7CCF123EEE5410059860D /* Sources */,
				DFC7CCF223EEE5410059860D /* Frameworks */,
				DFC7CCF323EEE5410059860D /* Resources */,
			);
			buildRules = (
			);
			dependencies = (
			);
			name = CustomIconChallenge;
			productName = CustomIconChallenge;
			productReference = DFC7CCF523EEE5410059860D /* CustomIconChallenge.app */;
			productType = "com.apple.product-type.application";
		};
/* End PBXNativeTarget section */

/* Begin PBXProject section */
		DFC7CCED23EEE5410059860D /* Project object */ = {
			isa = PBXProject;
			attributes = {
				LastSwiftUpdateCheck = 1130;
				LastUpgradeCheck = 1130;
				ORGANIZATIONNAME = "Anne Kariny Silva Freitas";
				TargetAttributes = {
					DFC7CCF423EEE5410059860D = {
						CreatedOnToolsVersion = 11.3;
					};
				};
			};
			buildConfigurationList = DFC7CCF023EEE5410059860D /* Build configuration list for PBXProject "CustomIconChallenge" */;
			compatibilityVersion = "Xcode 9.3";
			developmentRegion = en;
			hasScannedForEncodings = 0;
			knownRegions = (
				en,
				Base,
			);
			mainGroup = DFC7CCEC23EEE5410059860D;
			productRefGroup = DFC7CCF623EEE5410059860D /* Products */;
			projectDirPath = "";
			projectRoot = "";
			targets = (
				DFC7CCF423EEE5410059860D /* CustomIconChallenge */,
			);
		};
/* End PBXProject section */

/* Begin PBXResourcesBuildPhase section */
		DFC7CCF323EEE5410059860D /* Resources */ = {
			isa = PBXResourcesBuildPhase;
			buildActionMask = 2147483647;
			files = (
				DF18B20B23EF6B2000305570 /* Localizable.strings in Resources */,
				DFC7CD0523EEE5440059860D /* LaunchScreen.storyboard in Resources */,
				DFC7CD0223EEE5440059860D /* Assets.xcassets in Resources */,
				DF0D800923EF233F00980EBE /* IconTableViewCell.xib in Resources */,
				DFC7CD0023EEE5420059860D /* Main.storyboard in Resources */,
			);
			runOnlyForDeploymentPostprocessing = 0;
		};
/* End PBXResourcesBuildPhase section */

/* Begin PBXSourcesBuildPhase section */
		DFC7CCF123EEE5410059860D /* Sources */ = {
			isa = PBXSourcesBuildPhase;
			buildActionMask = 2147483647;
			files = (
				DFC7CCFD23EEE5420059860D /* IconsViewController.swift in Sources */,
				DFC7CCF923EEE5420059860D /* AppDelegate.swift in Sources */,
				DFC7CD3A23EF05B00059860D /* NetworkProtocol.swift in Sources */,
				DF0D7FFE23EF113300980EBE /* IconViewModel.swift in Sources */,
				DFC7CD3C23EF05D60059860D /* NetworkError.swift in Sources */,
				DFC7CD3E23EF07390059860D /* IconsEndpoint.swift in Sources */,
				DFC7CD1623EEFA000059860D /* Reachability.swift in Sources */,
				DFC7CD4023EF080F0059860D /* IconsAPIManager.swift in Sources */,
				DF0D800823EF233F00980EBE /* IconTableViewCell.swift in Sources */,
				DFC7CD4223EF08480059860D /* Request.swift in Sources */,
				DF0D800323EF153F00980EBE /* Icon.swift in Sources */,
				DFCA61F023EF8059004233AF /* ShadowView.swift in Sources */,
				DF0D800023EF13A200980EBE /* URLHelper.swift in Sources */,
				DFC7CD3823EEFE4B0059860D /* SceneDelegate.swift in Sources */,
				DFC7CD4423EF0A4B0059860D /* IconAPIDecodable.swift in Sources */,
			);
			runOnlyForDeploymentPostprocessing = 0;
		};
/* End PBXSourcesBuildPhase section */

/* Begin PBXVariantGroup section */
		DF18B20D23EF6B2000305570 /* Localizable.strings */ = {
			isa = PBXVariantGroup;
			children = (
				DF18B20C23EF6B2000305570 /* en */,
			);
			name = Localizable.strings;
			sourceTree = "<group>";
		};
		DFC7CCFE23EEE5420059860D /* Main.storyboard */ = {
			isa = PBXVariantGroup;
			children = (
				DFC7CCFF23EEE5420059860D /* Base */,
			);
			name = Main.storyboard;
			sourceTree = "<group>";
		};
		DFC7CD0323EEE5440059860D /* LaunchScreen.storyboard */ = {
			isa = PBXVariantGroup;
			children = (
				DFC7CD0423EEE5440059860D /* Base */,
			);
			name = LaunchScreen.storyboard;
			sourceTree = "<group>";
		};
/* End PBXVariantGroup section */

/* Begin XCBuildConfiguration section */
		DFC7CD0723EEE5440059860D /* Debug */ = {
			isa = XCBuildConfiguration;
			buildSettings = {
				ALWAYS_SEARCH_USER_PATHS = NO;
				CLANG_ANALYZER_NONNULL = YES;
				CLANG_ANALYZER_NUMBER_OBJECT_CONVERSION = YES_AGGRESSIVE;
				CLANG_CXX_LANGUAGE_STANDARD = "gnu++14";
				CLANG_CXX_LIBRARY = "libc++";
				CLANG_ENABLE_MODULES = YES;
				CLANG_ENABLE_OBJC_ARC = YES;
				CLANG_ENABLE_OBJC_WEAK = YES;
				CLANG_WARN_BLOCK_CAPTURE_AUTORELEASING = YES;
				CLANG_WARN_BOOL_CONVERSION = YES;
				CLANG_WARN_COMMA = YES;
				CLANG_WARN_CONSTANT_CONVERSION = YES;
				CLANG_WARN_DEPRECATED_OBJC_IMPLEMENTATIONS = YES;
				CLANG_WARN_DIRECT_OBJC_ISA_USAGE = YES_ERROR;
				CLANG_WARN_DOCUMENTATION_COMMENTS = YES;
				CLANG_WARN_EMPTY_BODY = YES;
				CLANG_WARN_ENUM_CONVERSION = YES;
				CLANG_WARN_INFINITE_RECURSION = YES;
				CLANG_WARN_INT_CONVERSION = YES;
				CLANG_WARN_NON_LITERAL_NULL_CONVERSION = YES;
				CLANG_WARN_OBJC_IMPLICIT_RETAIN_SELF = YES;
				CLANG_WARN_OBJC_LITERAL_CONVERSION = YES;
				CLANG_WARN_OBJC_ROOT_CLASS = YES_ERROR;
				CLANG_WARN_RANGE_LOOP_ANALYSIS = YES;
				CLANG_WARN_STRICT_PROTOTYPES = YES;
				CLANG_WARN_SUSPICIOUS_MOVE = YES;
				CLANG_WARN_UNGUARDED_AVAILABILITY = YES_AGGRESSIVE;
				CLANG_WARN_UNREACHABLE_CODE = YES;
				CLANG_WARN__DUPLICATE_METHOD_MATCH = YES;
				COPY_PHASE_STRIP = NO;
				DEBUG_INFORMATION_FORMAT = dwarf;
				ENABLE_STRICT_OBJC_MSGSEND = YES;
				ENABLE_TESTABILITY = YES;
				GCC_C_LANGUAGE_STANDARD = gnu11;
				GCC_DYNAMIC_NO_PIC = NO;
				GCC_NO_COMMON_BLOCKS = YES;
				GCC_OPTIMIZATION_LEVEL = 0;
				GCC_PREPROCESSOR_DEFINITIONS = (
					"DEBUG=1",
					"$(inherited)",
				);
				GCC_WARN_64_TO_32_BIT_CONVERSION = YES;
				GCC_WARN_ABOUT_RETURN_TYPE = YES_ERROR;
				GCC_WARN_UNDECLARED_SELECTOR = YES;
				GCC_WARN_UNINITIALIZED_AUTOS = YES_AGGRESSIVE;
				GCC_WARN_UNUSED_FUNCTION = YES;
				GCC_WARN_UNUSED_VARIABLE = YES;
				IPHONEOS_DEPLOYMENT_TARGET = 13.2;
				MTL_ENABLE_DEBUG_INFO = INCLUDE_SOURCE;
				MTL_FAST_MATH = YES;
				ONLY_ACTIVE_ARCH = YES;
				SDKROOT = iphoneos;
				SWIFT_ACTIVE_COMPILATION_CONDITIONS = DEBUG;
				SWIFT_OPTIMIZATION_LEVEL = "-Onone";
			};
			name = Debug;
		};
		DFC7CD0823EEE5440059860D /* Release */ = {
			isa = XCBuildConfiguration;
			buildSettings = {
				ALWAYS_SEARCH_USER_PATHS = NO;
				CLANG_ANALYZER_NONNULL = YES;
				CLANG_ANALYZER_NUMBER_OBJECT_CONVERSION = YES_AGGRESSIVE;
				CLANG_CXX_LANGUAGE_STANDARD = "gnu++14";
				CLANG_CXX_LIBRARY = "libc++";
				CLANG_ENABLE_MODULES = YES;
				CLANG_ENABLE_OBJC_ARC = YES;
				CLANG_ENABLE_OBJC_WEAK = YES;
				CLANG_WARN_BLOCK_CAPTURE_AUTORELEASING = YES;
				CLANG_WARN_BOOL_CONVERSION = YES;
				CLANG_WARN_COMMA = YES;
				CLANG_WARN_CONSTANT_CONVERSION = YES;
				CLANG_WARN_DEPRECATED_OBJC_IMPLEMENTATIONS = YES;
				CLANG_WARN_DIRECT_OBJC_ISA_USAGE = YES_ERROR;
				CLANG_WARN_DOCUMENTATION_COMMENTS = YES;
				CLANG_WARN_EMPTY_BODY = YES;
				CLANG_WARN_ENUM_CONVERSION = YES;
				CLANG_WARN_INFINITE_RECURSION = YES;
				CLANG_WARN_INT_CONVERSION = YES;
				CLANG_WARN_NON_LITERAL_NULL_CONVERSION = YES;
				CLANG_WARN_OBJC_IMPLICIT_RETAIN_SELF = YES;
				CLANG_WARN_OBJC_LITERAL_CONVERSION = YES;
				CLANG_WARN_OBJC_ROOT_CLASS = YES_ERROR;
				CLANG_WARN_RANGE_LOOP_ANALYSIS = YES;
				CLANG_WARN_STRICT_PROTOTYPES = YES;
				CLANG_WARN_SUSPICIOUS_MOVE = YES;
				CLANG_WARN_UNGUARDED_AVAILABILITY = YES_AGGRESSIVE;
				CLANG_WARN_UNREACHABLE_CODE = YES;
				CLANG_WARN__DUPLICATE_METHOD_MATCH = YES;
				COPY_PHASE_STRIP = NO;
				DEBUG_INFORMATION_FORMAT = "dwarf-with-dsym";
				ENABLE_NS_ASSERTIONS = NO;
				ENABLE_STRICT_OBJC_MSGSEND = YES;
				GCC_C_LANGUAGE_STANDARD = gnu11;
				GCC_NO_COMMON_BLOCKS = YES;
				GCC_WARN_64_TO_32_BIT_CONVERSION = YES;
				GCC_WARN_ABOUT_RETURN_TYPE = YES_ERROR;
				GCC_WARN_UNDECLARED_SELECTOR = YES;
				GCC_WARN_UNINITIALIZED_AUTOS = YES_AGGRESSIVE;
				GCC_WARN_UNUSED_FUNCTION = YES;
				GCC_WARN_UNUSED_VARIABLE = YES;
				IPHONEOS_DEPLOYMENT_TARGET = 13.2;
				MTL_ENABLE_DEBUG_INFO = NO;
				MTL_FAST_MATH = YES;
				SDKROOT = iphoneos;
				SWIFT_COMPILATION_MODE = wholemodule;
				SWIFT_OPTIMIZATION_LEVEL = "-O";
				VALIDATE_PRODUCT = YES;
			};
			name = Release;
		};
		DFC7CD0A23EEE5440059860D /* Debug */ = {
			isa = XCBuildConfiguration;
			buildSettings = {
				ASSETCATALOG_COMPILER_APPICON_NAME = AppIcon;
				CODE_SIGN_ENTITLEMENTS = CustomIconChallenge/CustomIconChallenge.entitlements;
				CODE_SIGN_STYLE = Automatic;
				DERIVE_MACCATALYST_PRODUCT_BUNDLE_IDENTIFIER = YES;
				DEVELOPMENT_TEAM = F476P237J6;
				INFOPLIST_FILE = CustomIconChallenge/Info.plist;
				LD_RUNPATH_SEARCH_PATHS = (
					"$(inherited)",
					"@executable_path/Frameworks",
				);
				PRODUCT_BUNDLE_IDENTIFIER = Anne.CustomIconChallenge;
				PRODUCT_NAME = "$(TARGET_NAME)";
				SUPPORTS_MACCATALYST = YES;
				SWIFT_VERSION = 5.0;
				TARGETED_DEVICE_FAMILY = "1,2";
			};
			name = Debug;
		};
		DFC7CD0B23EEE5440059860D /* Release */ = {
			isa = XCBuildConfiguration;
			buildSettings = {
				ASSETCATALOG_COMPILER_APPICON_NAME = AppIcon;
				CODE_SIGN_ENTITLEMENTS = CustomIconChallenge/CustomIconChallenge.entitlements;
				CODE_SIGN_STYLE = Automatic;
				DERIVE_MACCATALYST_PRODUCT_BUNDLE_IDENTIFIER = YES;
				DEVELOPMENT_TEAM = F476P237J6;
				INFOPLIST_FILE = CustomIconChallenge/Info.plist;
				LD_RUNPATH_SEARCH_PATHS = (
					"$(inherited)",
					"@executable_path/Frameworks",
				);
				PRODUCT_BUNDLE_IDENTIFIER = Anne.CustomIconChallenge;
				PRODUCT_NAME = "$(TARGET_NAME)";
				SUPPORTS_MACCATALYST = YES;
				SWIFT_VERSION = 5.0;
				TARGETED_DEVICE_FAMILY = "1,2";
			};
			name = Release;
		};
/* End XCBuildConfiguration section */

/* Begin XCConfigurationList section */
		DFC7CCF023EEE5410059860D /* Build configuration list for PBXProject "CustomIconChallenge" */ = {
			isa = XCConfigurationList;
			buildConfigurations = (
				DFC7CD0723EEE5440059860D /* Debug */,
				DFC7CD0823EEE5440059860D /* Release */,
			);
			defaultConfigurationIsVisible = 0;
			defaultConfigurationName = Release;
		};
		DFC7CD0923EEE5440059860D /* Build configuration list for PBXNativeTarget "CustomIconChallenge" */ = {
			isa = XCConfigurationList;
			buildConfigurations = (
				DFC7CD0A23EEE5440059860D /* Debug */,
				DFC7CD0B23EEE5440059860D /* Release */,
			);
			defaultConfigurationIsVisible = 0;
			defaultConfigurationName = Release;
		};
/* End XCConfigurationList section */
	};
	rootObject = DFC7CCED23EEE5410059860D /* Project object */;
}
